// !$*UTF8*$!
{
	archiveVersion = 1;
	classes = {
	};
	objectVersion = 46;
	objects = {

/* Begin PBXBuildFile section */
		03BAE1521F68F85200888A90 /* main.m in Sources */ = {isa = PBXBuildFile; fileRef = 03BAE1511F68F85200888A90 /* main.m */; };
		03BAE1551F68F85200888A90 /* AppDelegate.m in Sources */ = {isa = PBXBuildFile; fileRef = 03BAE1541F68F85200888A90 /* AppDelegate.m */; };
		03BAE1581F68F85200888A90 /* ViewController.m in Sources */ = {isa = PBXBuildFile; fileRef = 03BAE1571F68F85200888A90 /* ViewController.m */; };
		03BAE15B1F68F85300888A90 /* Main.storyboard in Resources */ = {isa = PBXBuildFile; fileRef = 03BAE1591F68F85300888A90 /* Main.storyboard */; };
		03BAE15D1F68F85300888A90 /* Assets.xcassets in Resources */ = {isa = PBXBuildFile; fileRef = 03BAE15C1F68F85300888A90 /* Assets.xcassets */; };
		03BAE1601F68F85300888A90 /* LaunchScreen.storyboard in Resources */ = {isa = PBXBuildFile; fileRef = 03BAE15E1F68F85300888A90 /* LaunchScreen.storyboard */; };
		03BAE16B1F68F85600888A90 /* SKRegistVerifyDemoTests.m in Sources */ = {isa = PBXBuildFile; fileRef = 03BAE16A1F68F85600888A90 /* SKRegistVerifyDemoTests.m */; };
		03BAE1761F68F85600888A90 /* SKRegistVerifyDemoUITests.m in Sources */ = {isa = PBXBuildFile; fileRef = 03BAE1751F68F85600888A90 /* SKRegistVerifyDemoUITests.m */; };
/* End PBXBuildFile section */

/* Begin PBXContainerItemProxy section */
		03BAE1671F68F85600888A90 /* PBXContainerItemProxy */ = {
			isa = PBXContainerItemProxy;
			containerPortal = 03BAE1451F68F85100888A90 /* Project object */;
			proxyType = 1;
			remoteGlobalIDString = 03BAE14C1F68F85100888A90;
			remoteInfo = SKRegistVerifyDemo;
		};
		03BAE1721F68F85600888A90 /* PBXContainerItemProxy */ = {
			isa = PBXContainerItemProxy;
			containerPortal = 03BAE1451F68F85100888A90 /* Project object */;
			proxyType = 1;
			remoteGlobalIDString = 03BAE14C1F68F85100888A90;
			remoteInfo = SKRegistVerifyDemo;
		};
/* End PBXContainerItemProxy section */

/* Begin PBXFileReference section */
		03BAE14D1F68F85100888A90 /* SKRegistVerifyDemo.app */ = {isa = PBXFileReference; explicitFileType = wrapper.application; includeInIndex = 0; path = SKRegistVerifyDemo.app; sourceTree = BUILT_PRODUCTS_DIR; };
		03BAE1511F68F85200888A90 /* main.m */ = {isa = PBXFileReference; lastKnownFileType = sourcecode.c.objc; path = main.m; sourceTree = "<group>"; };
		03BAE1531F68F85200888A90 /* AppDelegate.h */ = {isa = PBXFileReference; lastKnownFileType = sourcecode.c.h; path = AppDelegate.h; sourceTree = "<group>"; };
		03BAE1541F68F85200888A90 /* AppDelegate.m */ = {isa = PBXFileReference; lastKnownFileType = sourcecode.c.objc; path = AppDelegate.m; sourceTree = "<group>"; };
		03BAE1561F68F85200888A90 /* ViewController.h */ = {isa = PBXFileReference; lastKnownFileType = sourcecode.c.h; path = ViewController.h; sourceTree = "<group>"; };
		03BAE1571F68F85200888A90 /* ViewController.m */ = {isa = PBXFileReference; lastKnownFileType = sourcecode.c.objc; path = ViewController.m; sourceTree = "<group>"; };
		03BAE15A1F68F85300888A90 /* Base */ = {isa = PBXFileReference; lastKnownFileType = file.storyboard; name = Base; path = Base.lproj/Main.storyboard; sourceTree = "<group>"; };
		03BAE15C1F68F85300888A90 /* Assets.xcassets */ = {isa = PBXFileReference; lastKnownFileType = folder.assetcatalog; path = Assets.xcassets; sourceTree = "<group>"; };
		03BAE15F1F68F85300888A90 /* Base */ = {isa = PBXFileReference; lastKnownFileType = file.storyboard; name = Base; path = Base.lproj/LaunchScreen.storyboard; sourceTree = "<group>"; };
		03BAE1611F68F85300888A90 /* Info.plist */ = {isa = PBXFileReference; lastKnownFileType = text.plist.xml; path = Info.plist; sourceTree = "<group>"; };
		03BAE1661F68F85600888A90 /* SKRegistVerifyDemoTests.xctest */ = {isa = PBXFileReference; explicitFileType = wrapper.cfbundle; includeInIndex = 0; path = SKRegistVerifyDemoTests.xctest; sourceTree = BUILT_PRODUCTS_DIR; };
		03BAE16A1F68F85600888A90 /* SKRegistVerifyDemoTests.m */ = {isa = PBXFileReference; lastKnownFileType = sourcecode.c.objc; path = SKRegistVerifyDemoTests.m; sourceTree = "<group>"; };
		03BAE16C1F68F85600888A90 /* Info.plist */ = {isa = PBXFileReference; lastKnownFileType = text.plist.xml; path = Info.plist; sourceTree = "<group>"; };
		03BAE1711F68F85600888A90 /* SKRegistVerifyDemoUITests.xctest */ = {isa = PBXFileReference; explicitFileType = wrapper.cfbundle; includeInIndex = 0; path = SKRegistVerifyDemoUITests.xctest; sourceTree = BUILT_PRODUCTS_DIR; };
		03BAE1751F68F85600888A90 /* SKRegistVerifyDemoUITests.m */ = {isa = PBXFileReference; lastKnownFileType = sourcecode.c.objc; path = SKRegistVerifyDemoUITests.m; sourceTree = "<group>"; };
		03BAE1771F68F85600888A90 /* Info.plist */ = {isa = PBXFileReference; lastKnownFileType = text.plist.xml; path = Info.plist; sourceTree = "<group>"; };
/* End PBXFileReference section */

/* Begin PBXFrameworksBuildPhase section */
		03BAE14A1F68F85100888A90 /* Frameworks */ = {
			isa = PBXFrameworksBuildPhase;
			buildActionMask = 2147483647;
			files = (
			);
			runOnlyForDeploymentPostprocessing = 0;
		};
		03BAE1631F68F85600888A90 /* Frameworks */ = {
			isa = PBXFrameworksBuildPhase;
			buildActionMask = 2147483647;
			files = (
			);
			runOnlyForDeploymentPostprocessing = 0;
		};
		03BAE16E1F68F85600888A90 /* Frameworks */ = {
			isa = PBXFrameworksBuildPhase;
			buildActionMask = 2147483647;
			files = (
			);
			runOnlyForDeploymentPostprocessing = 0;
		};
/* End PBXFrameworksBuildPhase section */

/* Begin PBXGroup section */
		03BAE1441F68F85100888A90 = {
			isa = PBXGroup;
			children = (
				03BAE14F1F68F85200888A90 /* SKRegistVerifyDemo */,
				03BAE1691F68F85600888A90 /* SKRegistVerifyDemoTests */,
				03BAE1741F68F85600888A90 /* SKRegistVerifyDemoUITests */,
				03BAE14E1F68F85100888A90 /* Products */,
			);
			sourceTree = "<group>";
		};
		03BAE14E1F68F85100888A90 /* Products */ = {
			isa = PBXGroup;
			children = (
				03BAE14D1F68F85100888A90 /* SKRegistVerifyDemo.app */,
				03BAE1661F68F85600888A90 /* SKRegistVerifyDemoTests.xctest */,
				03BAE1711F68F85600888A90 /* SKRegistVerifyDemoUITests.xctest */,
			);
			name = Products;
			sourceTree = "<group>";
		};
		03BAE14F1F68F85200888A90 /* SKRegistVerifyDemo */ = {
			isa = PBXGroup;
			children = (
				03BAE1531F68F85200888A90 /* AppDelegate.h */,
				03BAE1541F68F85200888A90 /* AppDelegate.m */,
				03BAE1561F68F85200888A90 /* ViewController.h */,
				03BAE1571F68F85200888A90 /* ViewController.m */,
				03BAE1591F68F85300888A90 /* Main.storyboard */,
				03BAE15C1F68F85300888A90 /* Assets.xcassets */,
				03BAE15E1F68F85300888A90 /* LaunchScreen.storyboard */,
				03BAE1611F68F85300888A90 /* Info.plist */,
				03BAE1501F68F85200888A90 /* Supporting Files */,
			);
			path = SKRegistVerifyDemo;
			sourceTree = "<group>";
		};
		03BAE1501F68F85200888A90 /* Supporting Files */ = {
			isa = PBXGroup;
			children = (
				03BAE1511F68F85200888A90 /* main.m */,
			);
			name = "Supporting Files";
			sourceTree = "<group>";
		};
		03BAE1691F68F85600888A90 /* SKRegistVerifyDemoTests */ = {
			isa = PBXGroup;
			children = (
				03BAE16A1F68F85600888A90 /* SKRegistVerifyDemoTests.m */,
				03BAE16C1F68F85600888A90 /* Info.plist */,
			);
			path = SKRegistVerifyDemoTests;
			sourceTree = "<group>";
		};
		03BAE1741F68F85600888A90 /* SKRegistVerifyDemoUITests */ = {
			isa = PBXGroup;
			children = (
				03BAE1751F68F85600888A90 /* SKRegistVerifyDemoUITests.m */,
				03BAE1771F68F85600888A90 /* Info.plist */,
			);
			path = SKRegistVerifyDemoUITests;
			sourceTree = "<group>";
		};
/* End PBXGroup section */

/* Begin PBXNativeTarget section */
		03BAE14C1F68F85100888A90 /* SKRegistVerifyDemo */ = {
			isa = PBXNativeTarget;
			buildConfigurationList = 03BAE17A1F68F85600888A90 /* Build configuration list for PBXNativeTarget "SKRegistVerifyDemo" */;
			buildPhases = (
				03BAE1491F68F85100888A90 /* Sources */,
				03BAE14A1F68F85100888A90 /* Frameworks */,
				03BAE14B1F68F85100888A90 /* Resources */,
			);
			buildRules = (
			);
			dependencies = (
			);
			name = SKRegistVerifyDemo;
			productName = SKRegistVerifyDemo;
			productReference = 03BAE14D1F68F85100888A90 /* SKRegistVerifyDemo.app */;
			productType = "com.apple.product-type.application";
		};
		03BAE1651F68F85600888A90 /* SKRegistVerifyDemoTests */ = {
			isa = PBXNativeTarget;
			buildConfigurationList = 03BAE17D1F68F85600888A90 /* Build configuration list for PBXNativeTarget "SKRegistVerifyDemoTests" */;
			buildPhases = (
				03BAE1621F68F85600888A90 /* Sources */,
				03BAE1631F68F85600888A90 /* Frameworks */,
				03BAE1641F68F85600888A90 /* Resources */,
			);
			buildRules = (
			);
			dependencies = (
				03BAE1681F68F85600888A90 /* PBXTargetDependency */,
			);
			name = SKRegistVerifyDemoTests;
			productName = SKRegistVerifyDemoTests;
			productReference = 03BAE1661F68F85600888A90 /* SKRegistVerifyDemoTests.xctest */;
			productType = "com.apple.product-type.bundle.unit-test";
		};
		03BAE1701F68F85600888A90 /* SKRegistVerifyDemoUITests */ = {
			isa = PBXNativeTarget;
			buildConfigurationList = 03BAE1801F68F85600888A90 /* Build configuration list for PBXNativeTarget "SKRegistVerifyDemoUITests" */;
			buildPhases = (
				03BAE16D1F68F85600888A90 /* Sources */,
				03BAE16E1F68F85600888A90 /* Frameworks */,
				03BAE16F1F68F85600888A90 /* Resources */,
			);
			buildRules = (
			);
			dependencies = (
				03BAE1731F68F85600888A90 /* PBXTargetDependency */,
			);
			name = SKRegistVerifyDemoUITests;
			productName = SKRegistVerifyDemoUITests;
			productReference = 03BAE1711F68F85600888A90 /* SKRegistVerifyDemoUITests.xctest */;
			productType = "com.apple.product-type.bundle.ui-testing";
		};
/* End PBXNativeTarget section */

/* Begin PBXProject section */
		03BAE1451F68F85100888A90 /* Project object */ = {
			isa = PBXProject;
			attributes = {
				LastUpgradeCheck = 0830;
				ORGANIZATIONNAME = AlexanderYeah;
				TargetAttributes = {
					03BAE14C1F68F85100888A90 = {
						CreatedOnToolsVersion = 8.3;
						DevelopmentTeam = 7DC4XMJV5E;
						ProvisioningStyle = Automatic;
					};
					03BAE1651F68F85600888A90 = {
						CreatedOnToolsVersion = 8.3;
						DevelopmentTeam = 7DC4XMJV5E;
						ProvisioningStyle = Automatic;
						TestTargetID = 03BAE14C1F68F85100888A90;
					};
					03BAE1701F68F85600888A90 = {
						CreatedOnToolsVersion = 8.3;
						DevelopmentTeam = 7DC4XMJV5E;
						ProvisioningStyle = Automatic;
						TestTargetID = 03BAE14C1F68F85100888A90;
					};
				};
			};
			buildConfigurationList = 03BAE1481F68F85100888A90 /* Build configuration list for PBXProject "SKRegistVerifyDemo" */;
			compatibilityVersion = "Xcode 3.2";
			developmentRegion = English;
			hasScannedForEncodings = 0;
			knownRegions = (
				en,
				Base,
			);
			mainGroup = 03BAE1441F68F85100888A90;
			productRefGroup = 03BAE14E1F68F85100888A90 /* Products */;
			projectDirPath = "";
			projectRoot = "";
			targets = (
				03BAE14C1F68F85100888A90 /* SKRegistVerifyDemo */,
				03BAE1651F68F85600888A90 /* SKRegistVerifyDemoTests */,
				03BAE1701F68F85600888A90 /* SKRegistVerifyDemoUITests */,
			);
		};
/* End PBXProject section */

/* Begin PBXResourcesBuildPhase section */
		03BAE14B1F68F85100888A90 /* Resources */ = {
			isa = PBXResourcesBuildPhase;
			buildActionMask = 2147483647;
			files = (
				03BAE1601F68F85300888A90 /* LaunchScreen.storyboard in Resources */,
				03BAE15D1F68F85300888A90 /* Assets.xcassets in Resources */,
				03BAE15B1F68F85300888A90 /* Main.storyboard in Resources */,
			);
			runOnlyForDeploymentPostprocessing = 0;
		};
		03BAE1641F68F85600888A90 /* Resources */ = {
			isa = PBXResourcesBuildPhase;
			buildActionMask = 2147483647;
			files = (
			);
			runOnlyForDeploymentPostprocessing = 0;
		};
		03BAE16F1F68F85600888A90 /* Resources */ = {
			isa = PBXResourcesBuildPhase;
			buildActionMask = 2147483647;
			files = (
			);
			runOnlyForDeploymentPostprocessing = 0;
		};
/* End PBXResourcesBuildPhase section */

/* Begin PBXSourcesBuildPhase section */
		03BAE1491F68F85100888A90 /* Sources */ = {
			isa = PBXSourcesBuildPhase;
			buildActionMask = 2147483647;
			files = (
				03BAE1581F68F85200888A90 /* ViewController.m in Sources */,
				03BAE1551F68F85200888A90 /* AppDelegate.m in Sources */,
				03BAE1521F68F85200888A90 /* main.m in Sources */,
			);
			runOnlyForDeploymentPostprocessing = 0;
		};
		03BAE1621F68F85600888A90 /* Sources */ = {
			isa = PBXSourcesBuildPhase;
			buildActionMask = 2147483647;
			files = (
				03BAE16B1F68F85600888A90 /* SKRegistVerifyDemoTests.m in Sources */,
			);
			runOnlyForDeploymentPostprocessing = 0;
		};
		03BAE16D1F68F85600888A90 /* Sources */ = {
			isa = PBXSourcesBuildPhase;
			buildActionMask = 2147483647;
			files = (
				03BAE1761F68F85600888A90 /* SKRegistVerifyDemoUITests.m in Sources */,
			);
			runOnlyForDeploymentPostprocessing = 0;
		};
/* End PBXSourcesBuildPhase section */

/* Begin PBXTargetDependency section */
		03BAE1681F68F85600888A90 /* PBXTargetDependency */ = {
			isa = PBXTargetDependency;
			target = 03BAE14C1F68F85100888A90 /* SKRegistVerifyDemo */;
			targetProxy = 03BAE1671F68F85600888A90 /* PBXContainerItemProxy */;
		};
		03BAE1731F68F85600888A90 /* PBXTargetDependency */ = {
			isa = PBXTargetDependency;
			target = 03BAE14C1F68F85100888A90 /* SKRegistVerifyDemo */;
			targetProxy = 03BAE1721F68F85600888A90 /* PBXContainerItemProxy */;
		};
/* End PBXTargetDependency section */

/* Begin PBXVariantGroup section */
		03BAE1591F68F85300888A90 /* Main.storyboard */ = {
			isa = PBXVariantGroup;
			children = (
				03BAE15A1F68F85300888A90 /* Base */,
			);
			name = Main.storyboard;
			sourceTree = "<group>";
		};
		03BAE15E1F68F85300888A90 /* LaunchScreen.storyboard */ = {
			isa = PBXVariantGroup;
			children = (
				03BAE15F1F68F85300888A90 /* Base */,
			);
			name = LaunchScreen.storyboard;
			sourceTree = "<group>";
		};
/* End PBXVariantGroup section */

/* Begin XCBuildConfiguration section */
		03BAE1781F68F85600888A90 /* Debug */ = {
			isa = XCBuildConfiguration;
			buildSettings = {
				ALWAYS_SEARCH_USER_PATHS = NO;
				CLANG_ANALYZER_NONNULL = YES;
				CLANG_ANALYZER_NUMBER_OBJECT_CONVERSION = YES_AGGRESSIVE;
				CLANG_CXX_LANGUAGE_STANDARD = "gnu++0x";
				CLANG_CXX_LIBRARY = "libc++";
				CLANG_ENABLE_MODULES = YES;
				CLANG_ENABLE_OBJC_ARC = YES;
				CLANG_WARN_BOOL_CONVERSION = YES;
				CLANG_WARN_CONSTANT_CONVERSION = YES;
				CLANG_WARN_DIRECT_OBJC_ISA_USAGE = YES_ERROR;
				CLANG_WARN_DOCUMENTATION_COMMENTS = YES;
				CLANG_WARN_EMPTY_BODY = YES;
				CLANG_WARN_ENUM_CONVERSION = YES;
				CLANG_WARN_INFINITE_RECURSION = YES;
				CLANG_WARN_INT_CONVERSION = YES;
				CLANG_WARN_OBJC_ROOT_CLASS = YES_ERROR;
				CLANG_WARN_SUSPICIOUS_MOVE = YES;
				CLANG_WARN_UNREACHABLE_CODE = YES;
				CLANG_WARN__DUPLICATE_METHOD_MATCH = YES;
				"CODE_SIGN_IDENTITY[sdk=iphoneos*]" = "iPhone Developer";
				COPY_PHASE_STRIP = NO;
				DEBUG_INFORMATION_FORMAT = dwarf;
				ENABLE_STRICT_OBJC_MSGSEND = YES;
				ENABLE_TESTABILITY = YES;
				GCC_C_LANGUAGE_STANDARD = gnu99;
				GCC_DYNAMIC_NO_PIC = NO;
				GCC_NO_COMMON_BLOCKS = YES;
				GCC_OPTIMIZATION_LEVEL = 0;
				GCC_PREPROCESSOR_DEFINITIONS = (
					"DEBUG=1",
					"$(inherited)",
				);
				GCC_WARN_64_TO_32_BIT_CONVERSION = YES;
				GCC_WARN_ABOUT_RETURN_TYPE = YES_ERROR;
				GCC_WARN_UNDECLARED_SELECTOR = YES;
				GCC_WARN_UNINITIALIZED_AUTOS = YES_AGGRESSIVE;
				GCC_WARN_UNUSED_FUNCTION = YES;
				GCC_WARN_UNUSED_VARIABLE = YES;
				IPHONEOS_DEPLOYMENT_TARGET = 10.3;
				MTL_ENABLE_DEBUG_INFO = YES;
				ONLY_ACTIVE_ARCH = YES;
				SDKROOT = iphoneos;
			};
			name = Debug;
		};
		03BAE1791F68F85600888A90 /* Release */ = {
			isa = XCBuildConfiguration;
			buildSettings = {
				ALWAYS_SEARCH_USER_PATHS = NO;
				CLANG_ANALYZER_NONNULL = YES;
				CLANG_ANALYZER_NUMBER_OBJECT_CONVERSION = YES_AGGRESSIVE;
				CLANG_CXX_LANGUAGE_STANDARD = "gnu++0x";
				CLANG_CXX_LIBRARY = "libc++";
				CLANG_ENABLE_MODULES = YES;
				CLANG_ENABLE_OBJC_ARC = YES;
				CLANG_WARN_BOOL_CONVERSION = YES;
				CLANG_WARN_CONSTANT_CONVERSION = YES;
				CLANG_WARN_DIRECT_OBJC_ISA_USAGE = YES_ERROR;
				CLANG_WARN_DOCUMENTATION_COMMENTS = YES;
				CLANG_WARN_EMPTY_BODY = YES;
				CLANG_WARN_ENUM_CONVERSION = YES;
				CLANG_WARN_INFINITE_RECURSION = YES;
				CLANG_WARN_INT_CONVERSION = YES;
				CLANG_WARN_OBJC_ROOT_CLASS = YES_ERROR;
				CLANG_WARN_SUSPICIOUS_MOVE = YES;
				CLANG_WARN_UNREACHABLE_CODE = YES;
				CLANG_WARN__DUPLICATE_METHOD_MATCH = YES;
				"CODE_SIGN_IDENTITY[sdk=iphoneos*]" = "iPhone Developer";
				COPY_PHASE_STRIP = NO;
				DEBUG_INFORMATION_FORMAT = "dwarf-with-dsym";
				ENABLE_NS_ASSERTIONS = NO;
				ENABLE_STRICT_OBJC_MSGSEND = YES;
				GCC_C_LANGUAGE_STANDARD = gnu99;
				GCC_NO_COMMON_BLOCKS = YES;
				GCC_WARN_64_TO_32_BIT_CONVERSION = YES;
				GCC_WARN_ABOUT_RETURN_TYPE = YES_ERROR;
				GCC_WARN_UNDECLARED_SELECTOR = YES;
				GCC_WARN_UNINITIALIZED_AUTOS = YES_AGGRESSIVE;
				GCC_WARN_UNUSED_FUNCTION = YES;
				GCC_WARN_UNUSED_VARIABLE = YES;
				IPHONEOS_DEPLOYMENT_TARGET = 10.3;
				MTL_ENABLE_DEBUG_INFO = NO;
				SDKROOT = iphoneos;
				VALIDATE_PRODUCT = YES;
			};
			name = Release;
		};
		03BAE17B1F68F85600888A90 /* Debug */ = {
			isa = XCBuildConfiguration;
			buildSettings = {
				ASSETCATALOG_COMPILER_APPICON_NAME = AppIcon;
				DEVELOPMENT_TEAM = 7DC4XMJV5E;
				INFOPLIST_FILE = SKRegistVerifyDemo/Info.plist;
				LD_RUNPATH_SEARCH_PATHS = "$(inherited) @executable_path/Frameworks";
				PRODUCT_BUNDLE_IDENTIFIER = AlexanderYeah.SKRegistVerifyDemo;
				PRODUCT_NAME = "$(TARGET_NAME)";
			};
			name = Debug;
		};
		03BAE17C1F68F85600888A90 /* Release */ = {
			isa = XCBuildConfiguration;
			buildSettings = {
				ASSETCATALOG_COMPILER_APPICON_NAME = AppIcon;
				DEVELOPMENT_TEAM = 7DC4XMJV5E;
				INFOPLIST_FILE = SKRegistVerifyDemo/Info.plist;
				LD_RUNPATH_SEARCH_PATHS = "$(inherited) @executable_path/Frameworks";
				PRODUCT_BUNDLE_IDENTIFIER = AlexanderYeah.SKRegistVerifyDemo;
				PRODUCT_NAME = "$(TARGET_NAME)";
			};
			name = Release;
		};
		03BAE17E1F68F85600888A90 /* Debug */ = {
			isa = XCBuildConfiguration;
			buildSettings = {
				BUNDLE_LOADER = "$(TEST_HOST)";
				DEVELOPMENT_TEAM = 7DC4XMJV5E;
				INFOPLIST_FILE = SKRegistVerifyDemoTests/Info.plist;
				LD_RUNPATH_SEARCH_PATHS = "$(inherited) @executable_path/Frameworks @loader_path/Frameworks";
				PRODUCT_BUNDLE_IDENTIFIER = AlexanderYeah.SKRegistVerifyDemoTests;
				PRODUCT_NAME = "$(TARGET_NAME)";
				TEST_HOST = "$(BUILT_PRODUCTS_DIR)/SKRegistVerifyDemo.app/SKRegistVerifyDemo";
			};
			name = Debug;
		};
		03BAE17F1F68F85600888A90 /* Release */ = {
			isa = XCBuildConfiguration;
			buildSettings = {
				BUNDLE_LOADER = "$(TEST_HOST)";
				DEVELOPMENT_TEAM = 7DC4XMJV5E;
				INFOPLIST_FILE = SKRegistVerifyDemoTests/Info.plist;
				LD_RUNPATH_SEARCH_PATHS = "$(inherited) @executable_path/Frameworks @loader_path/Frameworks";
				PRODUCT_BUNDLE_IDENTIFIER = AlexanderYeah.SKRegistVerifyDemoTests;
				PRODUCT_NAME = "$(TARGET_NAME)";
				TEST_HOST = "$(BUILT_PRODUCTS_DIR)/SKRegistVerifyDemo.app/SKRegistVerifyDemo";
			};
			name = Release;
		};
		03BAE1811F68F85600888A90 /* Debug */ = {
			isa = XCBuildConfiguration;
			buildSettings = {
				DEVELOPMENT_TEAM = 7DC4XMJV5E;
				INFOPLIST_FILE = SKRegistVerifyDemoUITests/Info.plist;
				LD_RUNPATH_SEARCH_PATHS = "$(inherited) @executable_path/Frameworks @loader_path/Frameworks";
				PRODUCT_BUNDLE_IDENTIFIER = AlexanderYeah.SKRegistVerifyDemoUITests;
				PRODUCT_NAME = "$(TARGET_NAME)";
				TEST_TARGET_NAME = SKRegistVerifyDemo;
			};
			name = Debug;
		};
		03BAE1821F68F85600888A90 /* Release */ = {
			isa = XCBuildConfiguration;
			buildSettings = {
				DEVELOPMENT_TEAM = 7DC4XMJV5E;
				INFOPLIST_FILE = SKRegistVerifyDemoUITests/Info.plist;
				LD_RUNPATH_SEARCH_PATHS = "$(inherited) @executable_path/Frameworks @loader_path/Frameworks";
				PRODUCT_BUNDLE_IDENTIFIER = AlexanderYeah.SKRegistVerifyDemoUITests;
				PRODUCT_NAME = "$(TARGET_NAME)";
				TEST_TARGET_NAME = SKRegistVerifyDemo;
			};
			name = Release;
		};
/* End XCBuildConfiguration section */

/* Begin XCConfigurationList section */
		03BAE1481F68F85100888A90 /* Build configuration list for PBXProject "SKRegistVerifyDemo" */ = {
			isa = XCConfigurationList;
			buildConfigurations = (
				03BAE1781F68F85600888A90 /* Debug */,
				03BAE1791F68F85600888A90 /* Release */,
			);
			defaultConfigurationIsVisible = 0;
			defaultConfigurationName = Release;
		};
		03BAE17A1F68F85600888A90 /* Build configuration list for PBXNativeTarget "SKRegistVerifyDemo" */ = {
			isa = XCConfigurationList;
			buildConfigurations = (
				03BAE17B1F68F85600888A90 /* Debug */,
				03BAE17C1F68F85600888A90 /* Release */,
			);
			defaultConfigurationIsVisible = 0;
		};
		03BAE17D1F68F85600888A90 /* Build configuration list for PBXNativeTarget "SKRegistVerifyDemoTests" */ = {
			isa = XCConfigurationList;
			buildConfigurations = (
				03BAE17E1F68F85600888A90 /* Debug */,
				03BAE17F1F68F85600888A90 /* Release */,
			);
			defaultConfigurationIsVisible = 0;
		};
		03BAE1801F68F85600888A90 /* Build configuration list for PBXNativeTarget "SKRegistVerifyDemoUITests" */ = {
			isa = XCConfigurationList;
			buildConfigurations = (
				03BAE1811F68F85600888A90 /* Debug */,
				03BAE1821F68F85600888A90 /* Release */,
			);
			defaultConfigurationIsVisible = 0;
		};
/* End XCConfigurationList section */
	};
	rootObject = 03BAE1451F68F85100888A90 /* Project object */;
}
